
Microsoft Visual Studio Solution File, Format Version 10.00
# Visual Studio 2008
Project("{FAE04EC0-301F-11D3-BF4B-00C04F79EFBC}") = "Client", "Client\Client.csproj", "{82430C87-5E0C-475B-ABE4-C3E92A3A9EA4}"
EndProject
Project("{FAE04EC0-301F-11D3-BF4B-00C04F79EFBC}") = "Server", "Server\Server.csproj", "{ACD3ACBE-2850-495E-9EF3-48E52D9B9853}"
EndProject
Project("{FAE04EC0-301F-11D3-BF4B-00C04F79EFBC}") = "sys", "sys\sys.csproj", "{AB0387A2-B114-4A48-888F-2DFB56545C06}"
EndProject
Project("{FAE04EC0-301F-11D3-BF4B-00C04F79EFBC}") = "mesk", "mesk\mesk.csproj", "{F3756422-0A80-40A9-8547-28E28CBF3878}"
EndProject
Project("{FAE04EC0-301F-11D3-BF4B-00C04F79EFBC}") = "MSG", "MSG\MSG.csproj", "{7138E8E0-B17F-44AB-B2D6-3DD327926937}"
EndProject
Project("{FAE04EC0-301F-11D3-BF4B-00C04F79EFBC}") = "config", "config\config.csproj", "{408781CF-4E2D-4906-8D81-06EB66B2B051}"
EndProject
Project("{FAE04EC0-301F-11D3-BF4B-00C04F79EFBC}") = "camACP", "camACP\camACP.csproj", "{39CFC310-9F42-4684-A8CC-237F5AF1B141}"
EndProject
Project("{FAE04EC0-301F-11D3-BF4B-00C04F79EFBC}") = "GoldPrinter", "GoldPrinter\GoldPrinter.csproj", "{97109DD8-A8D0-44F0-9959-15E4EB650FDD}"
EndProject
Project("{FAE04EC0-301F-11D3-BF4B-00C04F79EFBC}") = "Mdian", "Mdian\Mdian.csproj", "{A25A8409-6458-4FB6-AF97-C41A3227E649}"
EndProject
Project("{FAE04EC0-301F-11D3-BF4B-00C04F79EFBC}") = "Tools", "System\Tools.csproj", "{F219817C-F3F8-4130-AD9A-C00FB5A12E13}"
EndProject
Project("{54435603-DBB4-11D2-8724-00A0C9A8B90C}") = "Setupc", "Setupc\Setupc.vdproj", "{DE7D9E16-4F32-4869-A554-5AB4180E271D}"
EndProject
Project("{FAE04EC0-301F-11D3-BF4B-00C04F79EFBC}") = "Tools_Client", "Tools_Client\Tools_Client.csproj", "{6134B582-9C79-4313-A024-E32D6BBDEE1F}"
EndProject
Project("{54435603-DBB4-11D2-8724-00A0C9A8B90C}") = "SetupM", "SetupM\SetupM.vdproj", "{1C50CF1C-BCB9-4217-B753-96F0D2742DC3}"
EndProject
Project("{FAE04EC0-301F-11D3-BF4B-00C04F79EFBC}") = "DelDT", "DelDT\DelDT.csproj", "{1B6AAEBD-0552-4B2D-AD53-D33484C70A53}"
EndProject
Project("{FAE04EC0-301F-11D3-BF4B-00C04F79EFBC}") = "Edit", "Edit\Edit.csproj", "{9503F6EB-59FC-4F46-B754-EE3E788247C3}"
EndProject
Project("{FAE04EC0-301F-11D3-BF4B-00C04F79EFBC}") = "imgUP", "imgUP\imgUP.csproj", "{1F70C0FE-6EAB-40C6-876D-D05F8B4208F8}"
EndProject
Project("{FAE04EC0-301F-11D3-BF4B-00C04F79EFBC}") = "Analysis", "Analysis\Analysis.csproj", "{2086CD78-6B7E-44FE-A43E-D81D9AD85E08}"
EndProject
Global
	GlobalSection(SolutionConfigurationPlatforms) = preSolution
		Debug|Any CPU = Debug|Any CPU
		Release|Any CPU = Release|Any CPU
	EndGlobalSection
	GlobalSection(ProjectConfigurationPlatforms) = postSolution
		{82430C87-5E0C-475B-ABE4-C3E92A3A9EA4}.Debug|Any CPU.ActiveCfg = Debug|Any CPU
		{82430C87-5E0C-475B-ABE4-C3E92A3A9EA4}.Debug|Any CPU.Build.0 = Debug|Any CPU
		{82430C87-5E0C-475B-ABE4-C3E92A3A9EA4}.Release|Any CPU.ActiveCfg = Release|Any CPU
		{82430C87-5E0C-475B-ABE4-C3E92A3A9EA4}.Release|Any CPU.Build.0 = Release|Any CPU
		{ACD3ACBE-2850-495E-9EF3-48E52D9B9853}.Debug|Any CPU.ActiveCfg = Debug|Any CPU
		{ACD3ACBE-2850-495E-9EF3-48E52D9B9853}.Debug|Any CPU.Build.0 = Debug|Any CPU
		{ACD3ACBE-2850-495E-9EF3-48E52D9B9853}.Release|Any CPU.ActiveCfg = Release|Any CPU
		{ACD3ACBE-2850-495E-9EF3-48E52D9B9853}.Release|Any CPU.Build.0 = Release|Any CPU
		{AB0387A2-B114-4A48-888F-2DFB56545C06}.Debug|Any CPU.ActiveCfg = Debug|Any CPU
		{AB0387A2-B114-4A48-888F-2DFB56545C06}.Debug|Any CPU.Build.0 = Debug|Any CPU
		{AB0387A2-B114-4A48-888F-2DFB56545C06}.Release|Any CPU.ActiveCfg = Release|Any CPU
		{AB0387A2-B114-4A48-888F-2DFB56545C06}.Release|Any CPU.Build.0 = Release|Any CPU
		{F3756422-0A80-40A9-8547-28E28CBF3878}.Debug|Any CPU.ActiveCfg = Debug|Any CPU
		{F3756422-0A80-40A9-8547-28E28CBF3878}.Debug|Any CPU.Build.0 = Debug|Any CPU
		{F3756422-0A80-40A9-8547-28E28CBF3878}.Release|Any CPU.ActiveCfg = Release|Any CPU
		{F3756422-0A80-40A9-8547-28E28CBF3878}.Release|Any CPU.Build.0 = Release|Any CPU
		{7138E8E0-B17F-44AB-B2D6-3DD327926937}.Debug|Any CPU.ActiveCfg = Debug|Any CPU
		{7138E8E0-B17F-44AB-B2D6-3DD327926937}.Debug|Any CPU.Build.0 = Debug|Any CPU
		{7138E8E0-B17F-44AB-B2D6-3DD327926937}.Release|Any CPU.ActiveCfg = Release|Any CPU
		{7138E8E0-B17F-44AB-B2D6-3DD327926937}.Release|Any CPU.Build.0 = Release|Any CPU
		{408781CF-4E2D-4906-8D81-06EB66B2B051}.Debug|Any CPU.ActiveCfg = Debug|Any CPU
		{408781CF-4E2D-4906-8D81-06EB66B2B051}.Debug|Any CPU.Build.0 = Debug|Any CPU
		{408781CF-4E2D-4906-8D81-06EB66B2B051}.Release|Any CPU.ActiveCfg = Release|Any CPU
		{408781CF-4E2D-4906-8D81-06EB66B2B051}.Release|Any CPU.Build.0 = Release|Any CPU
		{39CFC310-9F42-4684-A8CC-237F5AF1B141}.Debug|Any CPU.ActiveCfg = Debug|Any CPU
		{39CFC310-9F42-4684-A8CC-237F5AF1B141}.Debug|Any CPU.Build.0 = Debug|Any CPU
		{39CFC310-9F42-4684-A8CC-237F5AF1B141}.Release|Any CPU.ActiveCfg = Release|Any CPU
		{39CFC310-9F42-4684-A8CC-237F5AF1B141}.Release|Any CPU.Build.0 = Release|Any CPU
		{97109DD8-A8D0-44F0-9959-15E4EB650FDD}.Debug|Any CPU.ActiveCfg = Debug|Any CPU
		{97109DD8-A8D0-44F0-9959-15E4EB650FDD}.Release|Any CPU.ActiveCfg = Release|Any CPU
		{97109DD8-A8D0-44F0-9959-15E4EB650FDD}.Release|Any CPU.Build.0 = Release|Any CPU
		{A25A8409-6458-4FB6-AF97-C41A3227E649}.Debug|Any CPU.ActiveCfg = Debug|Any CPU
		{A25A8409-6458-4FB6-AF97-C41A3227E649}.Debug|Any CPU.Build.0 = Debug|Any CPU
		{A25A8409-6458-4FB6-AF97-C41A3227E649}.Release|Any CPU.ActiveCfg = Release|Any CPU
		{A25A8409-6458-4FB6-AF97-C41A3227E649}.Release|Any CPU.Build.0 = Release|Any CPU
		{F219817C-F3F8-4130-AD9A-C00FB5A12E13}.Debug|Any CPU.ActiveCfg = Debug|Any CPU
		{F219817C-F3F8-4130-AD9A-C00FB5A12E13}.Debug|Any CPU.Build.0 = Debug|Any CPU
		{F219817C-F3F8-4130-AD9A-C00FB5A12E13}.Release|Any CPU.ActiveCfg = Release|Any CPU
		{F219817C-F3F8-4130-AD9A-C00FB5A12E13}.Release|Any CPU.Build.0 = Release|Any CPU
		{DE7D9E16-4F32-4869-A554-5AB4180E271D}.Debug|Any CPU.ActiveCfg = Debug
		{DE7D9E16-4F32-4869-A554-5AB4180E271D}.Release|Any CPU.ActiveCfg = Release
		{6134B582-9C79-4313-A024-E32D6BBDEE1F}.Debug|Any CPU.ActiveCfg = Debug|Any CPU
		{6134B582-9C79-4313-A024-E32D6BBDEE1F}.Debug|Any CPU.Build.0 = Debug|Any CPU
		{6134B582-9C79-4313-A024-E32D6BBDEE1F}.Release|Any CPU.ActiveCfg = Release|Any CPU
		{6134B582-9C79-4313-A024-E32D6BBDEE1F}.Release|Any CPU.Build.0 = Release|Any CPU
		{1C50CF1C-BCB9-4217-B753-96F0D2742DC3}.Debug|Any CPU.ActiveCfg = Debug
		{1C50CF1C-BCB9-4217-B753-96F0D2742DC3}.Release|Any CPU.ActiveCfg = Release
		{1B6AAEBD-0552-4B2D-AD53-D33484C70A53}.Debug|Any CPU.ActiveCfg = Debug|Any CPU
		{1B6AAEBD-0552-4B2D-AD53-D33484C70A53}.Debug|Any CPU.Build.0 = Debug|Any CPU
		{1B6AAEBD-0552-4B2D-AD53-D33484C70A53}.Release|Any CPU.ActiveCfg = Release|Any CPU
		{1B6AAEBD-0552-4B2D-AD53-D33484C70A53}.Release|Any CPU.Build.0 = Release|Any CPU
		{9503F6EB-59FC-4F46-B754-EE3E788247C3}.Debug|Any CPU.ActiveCfg = Debug|Any CPU
		{9503F6EB-59FC-4F46-B754-EE3E788247C3}.Debug|Any CPU.Build.0 = Debug|Any CPU
		{9503F6EB-59FC-4F46-B754-EE3E788247C3}.Release|Any CPU.ActiveCfg = Release|Any CPU
		{9503F6EB-59FC-4F46-B754-EE3E788247C3}.Release|Any CPU.Build.0 = Release|Any CPU
		{1F70C0FE-6EAB-40C6-876D-D05F8B4208F8}.Debug|Any CPU.ActiveCfg = Debug|Any CPU
		{1F70C0FE-6EAB-40C6-876D-D05F8B4208F8}.Debug|Any CPU.Build.0 = Debug|Any CPU
		{1F70C0FE-6EAB-40C6-876D-D05F8B4208F8}.Release|Any CPU.ActiveCfg = Release|Any CPU
		{1F70C0FE-6EAB-40C6-876D-D05F8B4208F8}.Release|Any CPU.Build.0 = Release|Any CPU
		{2086CD78-6B7E-44FE-A43E-D81D9AD85E08}.Debug|Any CPU.ActiveCfg = Debug|Any CPU
		{2086CD78-6B7E-44FE-A43E-D81D9AD85E08}.Debug|Any CPU.Build.0 = Debug|Any CPU
		{2086CD78-6B7E-44FE-A43E-D81D9AD85E08}.Release|Any CPU.ActiveCfg = Release|Any CPU
		{2086CD78-6B7E-44FE-A43E-D81D9AD85E08}.Release|Any CPU.Build.0 = Release|Any CPU
	EndGlobalSection
	GlobalSection(SolutionProperties) = preSolution
		HideSolutionNode = FALSE
	EndGlobalSection
EndGlobal
